
Microsoft Visual Studio Solution File, Format Version 12.00
# Visual Studio Version 16
VisualStudioVersion = 16.0.31515.178
MinimumVisualStudioVersion = 10.0.40219.1
Project("{9A19103F-16F7-4668-BE54-9A1E7A4F7556}") = "Peripheric IO Module", "Peripheric IO Module.csproj", "{9C77AEEA-505F-4C81-9529-4683AE21CFA9}"
EndProject
Global
	GlobalSection(SolutionConfigurationPlatforms) = preSolution
		All|Any CPU = All|Any CPU
		Debug|Any CPU = Debug|Any CPU
		Release|Any CPU = Release|Any CPU
	EndGlobalSection
	GlobalSection(ProjectConfigurationPlatforms) = postSolution
		{9C77AEEA-505F-4C81-9529-4683AE21CFA9}.All|Any CPU.ActiveCfg = Debug|Any CPU
		{9C77AEEA-505F-4C81-9529-4683AE21CFA9}.All|Any CPU.Build.0 = Debug|Any CPU
		{9C77AEEA-505F-4C81-9529-4683AE21CFA9}.Debug|Any CPU.ActiveCfg = Debug|Any CPU
		{9C77AEEA-505F-4C81-9529-4683AE21CFA9}.Debug|Any CPU.Build.0 = Debug|Any CPU
		{9C77AEEA-505F-4C81-9529-4683AE21CFA9}.Release|Any CPU.ActiveCfg = Release|Any CPU
		{9C77AEEA-505F-4C81-9529-4683AE21CFA9}.Release|Any CPU.Build.0 = Release|Any CPU
	EndGlobalSection
	GlobalSection(SolutionProperties) = preSolution
		HideSolutionNode = FALSE
	EndGlobalSection
	GlobalSection(ExtensibilityGlobals) = postSolution
		SolutionGuid = {2BAD9760-B49D-48A6-BF68-BC850A970AAE}
	EndGlobalSection
EndGlobal
